Microsoft Visual Studio Solution File, Format Version 12.00
# Visual Studio 2012
Project("{FAE04EC0-301F-11D3-BF4B-00C04F79EFBC}") = "Arduino Test", "Arduino Test.csproj", "{BB2DF248-8ACE-41C2-8428-2922C4597991}"
EndProject
Global
	GlobalSection(SolutionConfigurationPlatforms) = preSolution
	Debug|Any CPU = Debug|Any CPU
	ExportDebug|Any CPU = ExportDebug|Any CPU
	ExportRelease|Any CPU = ExportRelease|Any CPU
	EndGlobalSection
	GlobalSection(ProjectConfigurationPlatforms) = postSolution
		{BB2DF248-8ACE-41C2-8428-2922C4597991}.Debug|Any CPU.ActiveCfg = Debug|Any CPU
		{BB2DF248-8ACE-41C2-8428-2922C4597991}.Debug|Any CPU.Build.0 = Debug|Any CPU
		{BB2DF248-8ACE-41C2-8428-2922C4597991}.ExportDebug|Any CPU.ActiveCfg = ExportDebug|Any CPU
		{BB2DF248-8ACE-41C2-8428-2922C4597991}.ExportDebug|Any CPU.Build.0 = ExportDebug|Any CPU
		{BB2DF248-8ACE-41C2-8428-2922C4597991}.ExportRelease|Any CPU.ActiveCfg = ExportRelease|Any CPU
		{BB2DF248-8ACE-41C2-8428-2922C4597991}.ExportRelease|Any CPU.Build.0 = ExportRelease|Any CPU
	EndGlobalSection
EndGlobal
